
Microsoft Visual Studio Solution File, Format Version 12.00
# Visual Studio Version 16
VisualStudioVersion = 16.0.28803.452
MinimumVisualStudioVersion = 10.0.40219.1
Project("{FAE04EC0-301F-11D3-BF4B-00C04F79EFBC}") = "EF6DBFirstDemo", "EF6DBFirstDemo.csproj", "{7E1DF13C-EBCC-446E-860E-5CD8F9863AD0}"
EndProject
Global
	GlobalSection(SolutionConfigurationPlatforms) = preSolution
		Debug|Any CPU = Debug|Any CPU
		Release|Any CPU = Release|Any CPU
	EndGlobalSection
	GlobalSection(ProjectConfigurationPlatforms) = postSolution
		{7E1DF13C-EBCC-446E-860E-5CD8F9863AD0}.Debug|Any CPU.ActiveCfg = Debug|Any CPU
		{7E1DF13C-EBCC-446E-860E-5CD8F9863AD0}.Debug|Any CPU.Build.0 = Debug|Any CPU
		{7E1DF13C-EBCC-446E-860E-5CD8F9863AD0}.Release|Any CPU.ActiveCfg = Release|Any CPU
		{7E1DF13C-EBCC-446E-860E-5CD8F9863AD0}.Release|Any CPU.Build.0 = Release|Any CPU
	EndGlobalSection
	GlobalSection(SolutionProperties) = preSolution
		HideSolutionNode = FALSE
	EndGlobalSection
	GlobalSection(ExtensibilityGlobals) = postSolution
		SolutionGuid = {002E7529-C400-4412-A78D-67225262F3CE}
	EndGlobalSection
EndGlobal
