
Microsoft Visual Studio Solution File, Format Version 12.00
# Visual Studio 15
VisualStudioVersion = 15.0.28307.645
MinimumVisualStudioVersion = 10.0.40219.1
Project("{FAE04EC0-301F-11D3-BF4B-00C04F79EFBC}") = "GSSCC360.2", "GSSCC360.2\GSSCC360.2.csproj", "{3257EB7D-8E7A-4154-860F-AA597110BE0E}"
EndProject
Global
	GlobalSection(SolutionConfigurationPlatforms) = preSolution
		Debug|Any CPU = Debug|Any CPU
		Release|Any CPU = Release|Any CPU
	EndGlobalSection
	GlobalSection(ProjectConfigurationPlatforms) = postSolution
		{3257EB7D-8E7A-4154-860F-AA597110BE0E}.Debug|Any CPU.ActiveCfg = Debug|Any CPU
		{3257EB7D-8E7A-4154-860F-AA597110BE0E}.Debug|Any CPU.Build.0 = Debug|Any CPU
		{3257EB7D-8E7A-4154-860F-AA597110BE0E}.Release|Any CPU.ActiveCfg = Release|Any CPU
		{3257EB7D-8E7A-4154-860F-AA597110BE0E}.Release|Any CPU.Build.0 = Release|Any CPU
	EndGlobalSection
	GlobalSection(SolutionProperties) = preSolution
		HideSolutionNode = FALSE
	EndGlobalSection
	GlobalSection(ExtensibilityGlobals) = postSolution
		SolutionGuid = {2C867E17-798D-4881-A911-124C9AC0E94E}
	EndGlobalSection
EndGlobal
