
Microsoft Visual Studio Solution File, Format Version 12.00
# Visual Studio Version 16
VisualStudioVersion = 16.0.28803.452
MinimumVisualStudioVersion = 10.0.40219.1
Project("{FAE04EC0-301F-11D3-BF4B-00C04F79EFBC}") = "TPHFirstSample", "TPHFirstSample.csproj", "{980B4A7D-D775-4677-B7B4-5868BE690900}"
EndProject
Global
	GlobalSection(SolutionConfigurationPlatforms) = preSolution
		Debug|Any CPU = Debug|Any CPU
		Release|Any CPU = Release|Any CPU
	EndGlobalSection
	GlobalSection(ProjectConfigurationPlatforms) = postSolution
		{980B4A7D-D775-4677-B7B4-5868BE690900}.Debug|Any CPU.ActiveCfg = Debug|Any CPU
		{980B4A7D-D775-4677-B7B4-5868BE690900}.Debug|Any CPU.Build.0 = Debug|Any CPU
		{980B4A7D-D775-4677-B7B4-5868BE690900}.Release|Any CPU.ActiveCfg = Release|Any CPU
		{980B4A7D-D775-4677-B7B4-5868BE690900}.Release|Any CPU.Build.0 = Release|Any CPU
	EndGlobalSection
	GlobalSection(SolutionProperties) = preSolution
		HideSolutionNode = FALSE
	EndGlobalSection
	GlobalSection(ExtensibilityGlobals) = postSolution
		SolutionGuid = {6A9C7859-FF33-46CA-AC37-092257C243D6}
	EndGlobalSection
EndGlobal
